
Microsoft Visual Studio Solution File, Format Version 12.00
# Visual Studio 2012
Project("{FAE04EC0-301F-11D3-BF4B-00C04F79EFBC}") = "ReliefProMain", "ReliefProMain\ReliefProMain.csproj", "{516C4ABD-9C47-4307-BD24-A9650D4CB372}"
	ProjectSection(ProjectDependencies) = postProject
		{9FB1AF20-7585-4BB9-A0BB-810E1A0F6F30} = {9FB1AF20-7585-4BB9-A0BB-810E1A0F6F30}
	EndProjectSection
EndProject
Project("{FAE04EC0-301F-11D3-BF4B-00C04F79EFBC}") = "ReliefProModel", "ReliefProModel\ReliefProModel.csproj", "{33484ECD-0474-4110-AAF0-C551B57087C7}"
EndProject
Project("{FAE04EC0-301F-11D3-BF4B-00C04F79EFBC}") = "ReliefProDAL", "ReliefProDAL\ReliefProDAL.csproj", "{80D9C6DF-A3CA-4C0C-93F4-8071B72470BD}"
EndProject
Project("{FAE04EC0-301F-11D3-BF4B-00C04F79EFBC}") = "ReliefProCommon", "Common\ReliefProCommon.csproj", "{5442DADC-ACF1-4668-90E5-F27070B95CFD}"
EndProject
Project("{FAE04EC0-301F-11D3-BF4B-00C04F79EFBC}") = "ReliefProBLL", "ReliefProBLL\ReliefProBLL.csproj", "{A969322C-D601-4B35-94F7-C7EB41A9D8A8}"
EndProject
Project("{FAE04EC0-301F-11D3-BF4B-00C04F79EFBC}") = "ProII", "ProIIIDAL\ProII.csproj", "{A5266B4F-56FA-413B-BC59-0F84AC0D9B64}"
EndProject
Project("{FAE04EC0-301F-11D3-BF4B-00C04F79EFBC}") = "ProII91", "ProII91\ProII91.csproj", "{B3C0F1A9-DCC0-4E0A-AFDB-D51F0933EAF0}"
EndProject
Project("{FAE04EC0-301F-11D3-BF4B-00C04F79EFBC}") = "UOMLib", "UOMLib\UOMLib.csproj", "{9FB1AF20-7585-4BB9-A0BB-810E1A0F6F30}"
EndProject
Project("{FAE04EC0-301F-11D3-BF4B-00C04F79EFBC}") = "ProII92", "ProII92\ProII92.csproj", "{91FAAB28-F38D-4B71-944B-F9F597DCB954}"
EndProject
Project("{FAE04EC0-301F-11D3-BF4B-00C04F79EFBC}") = "ExportLib", "ExportLib\ExportLib.csproj", "{BF7B294A-541B-4DE7-BE79-1E5C7455B940}"
EndProject
Project("{2150E333-8FDC-42A3-9474-1A3956D46DE8}") = "Dependencies", "Dependencies", "{01C2B981-66B8-4EC2-8E19-D7E104FCEB6E}"
	ProjectSection(SolutionItems) = preProject
		Dependencies\Autofac.Configuration.dll = Dependencies\Autofac.Configuration.dll
		Dependencies\Autofac.dll = Dependencies\Autofac.dll
		Dependencies\AxInterop.Microsoft.Office.Interop.VisOcx.dll = Dependencies\AxInterop.Microsoft.Office.Interop.VisOcx.dll
		Dependencies\DocumentFormat.OpenXml.dll = Dependencies\DocumentFormat.OpenXml.dll
		Dependencies\ICSharpCode.SharpZipLib.dll = Dependencies\ICSharpCode.SharpZipLib.dll
		Dependencies\Iesi.Collections.dll = Dependencies\Iesi.Collections.dll
		Dependencies\Iesi.Collections.xml = Dependencies\Iesi.Collections.xml
		Dependencies\Interop.P2Wrap91.dll = Dependencies\Interop.P2Wrap91.dll
		Dependencies\log4net.dll = Dependencies\log4net.dll
		Dependencies\log4net.xml = Dependencies\log4net.xml
		Dependencies\Microsoft.Practices.Prism.dll = Dependencies\Microsoft.Practices.Prism.dll
		Dependencies\Microsoft.Practices.Prism.pdb = Dependencies\Microsoft.Practices.Prism.pdb
		Dependencies\Microsoft.Practices.Prism.xml = Dependencies\Microsoft.Practices.Prism.xml
		Dependencies\Microsoft.Practices.ServiceLocation.dll = Dependencies\Microsoft.Practices.ServiceLocation.dll
		Dependencies\Microsoft.Practices.ServiceLocation.xml = Dependencies\Microsoft.Practices.ServiceLocation.xml
		Dependencies\Microsoft.Practices.Unity.dll = Dependencies\Microsoft.Practices.Unity.dll
		Dependencies\NHibernate.dll = Dependencies\NHibernate.dll
		Dependencies\NHibernate.JetDriver.dll = Dependencies\NHibernate.JetDriver.dll
		Dependencies\NHibernate.xml = Dependencies\NHibernate.xml
		Dependencies\NPOI.dll = Dependencies\NPOI.dll
		Dependencies\SharpCompress.dll = Dependencies\SharpCompress.dll
		Dependencies\Xceed.Wpf.AvalonDock.dll = Dependencies\Xceed.Wpf.AvalonDock.dll
		Dependencies\Xceed.Wpf.AvalonDock.Themes.VS2010.dll = Dependencies\Xceed.Wpf.AvalonDock.Themes.VS2010.dll
	EndProjectSection
EndProject
Global
	GlobalSection(SolutionConfigurationPlatforms) = preSolution
		Debug|Any CPU = Debug|Any CPU
		Debug|Mixed Platforms = Debug|Mixed Platforms
		Debug|x86 = Debug|x86
		Release|Any CPU = Release|Any CPU
		Release|Mixed Platforms = Release|Mixed Platforms
		Release|x86 = Release|x86
	EndGlobalSection
	GlobalSection(ProjectConfigurationPlatforms) = postSolution
		{516C4ABD-9C47-4307-BD24-A9650D4CB372}.Debug|Any CPU.ActiveCfg = Debug|Any CPU
		{516C4ABD-9C47-4307-BD24-A9650D4CB372}.Debug|Any CPU.Build.0 = Debug|Any CPU
		{516C4ABD-9C47-4307-BD24-A9650D4CB372}.Debug|Mixed Platforms.ActiveCfg = Debug|Any CPU
		{516C4ABD-9C47-4307-BD24-A9650D4CB372}.Debug|Mixed Platforms.Build.0 = Debug|Any CPU
		{516C4ABD-9C47-4307-BD24-A9650D4CB372}.Debug|x86.ActiveCfg = Debug|Any CPU
		{516C4ABD-9C47-4307-BD24-A9650D4CB372}.Debug|x86.Build.0 = Debug|Any CPU
		{516C4ABD-9C47-4307-BD24-A9650D4CB372}.Release|Any CPU.ActiveCfg = Release|Any CPU
		{516C4ABD-9C47-4307-BD24-A9650D4CB372}.Release|Any CPU.Build.0 = Release|Any CPU
		{516C4ABD-9C47-4307-BD24-A9650D4CB372}.Release|Mixed Platforms.ActiveCfg = Release|x86
		{516C4ABD-9C47-4307-BD24-A9650D4CB372}.Release|Mixed Platforms.Build.0 = Release|x86
		{516C4ABD-9C47-4307-BD24-A9650D4CB372}.Release|x86.ActiveCfg = Release|x86
		{516C4ABD-9C47-4307-BD24-A9650D4CB372}.Release|x86.Build.0 = Release|x86
		{33484ECD-0474-4110-AAF0-C551B57087C7}.Debug|Any CPU.ActiveCfg = Debug|Any CPU
		{33484ECD-0474-4110-AAF0-C551B57087C7}.Debug|Any CPU.Build.0 = Debug|Any CPU
		{33484ECD-0474-4110-AAF0-C551B57087C7}.Debug|Mixed Platforms.ActiveCfg = Debug|Any CPU
		{33484ECD-0474-4110-AAF0-C551B57087C7}.Debug|Mixed Platforms.Build.0 = Debug|Any CPU
		{33484ECD-0474-4110-AAF0-C551B57087C7}.Debug|x86.ActiveCfg = Debug|Any CPU
		{33484ECD-0474-4110-AAF0-C551B57087C7}.Debug|x86.Build.0 = Debug|Any CPU
		{33484ECD-0474-4110-AAF0-C551B57087C7}.Release|Any CPU.ActiveCfg = Release|Any CPU
		{33484ECD-0474-4110-AAF0-C551B57087C7}.Release|Any CPU.Build.0 = Release|Any CPU
		{33484ECD-0474-4110-AAF0-C551B57087C7}.Release|Mixed Platforms.ActiveCfg = Release|x86
		{33484ECD-0474-4110-AAF0-C551B57087C7}.Release|Mixed Platforms.Build.0 = Release|x86
		{33484ECD-0474-4110-AAF0-C551B57087C7}.Release|x86.ActiveCfg = Release|x86
		{33484ECD-0474-4110-AAF0-C551B57087C7}.Release|x86.Build.0 = Release|x86
		{80D9C6DF-A3CA-4C0C-93F4-8071B72470BD}.Debug|Any CPU.ActiveCfg = Debug|Any CPU
		{80D9C6DF-A3CA-4C0C-93F4-8071B72470BD}.Debug|Any CPU.Build.0 = Debug|Any CPU
		{80D9C6DF-A3CA-4C0C-93F4-8071B72470BD}.Debug|Mixed Platforms.ActiveCfg = Debug|Any CPU
		{80D9C6DF-A3CA-4C0C-93F4-8071B72470BD}.Debug|Mixed Platforms.Build.0 = Debug|Any CPU
		{80D9C6DF-A3CA-4C0C-93F4-8071B72470BD}.Debug|x86.ActiveCfg = Debug|Any CPU
		{80D9C6DF-A3CA-4C0C-93F4-8071B72470BD}.Debug|x86.Build.0 = Debug|Any CPU
		{80D9C6DF-A3CA-4C0C-93F4-8071B72470BD}.Release|Any CPU.ActiveCfg = Release|Any CPU
		{80D9C6DF-A3CA-4C0C-93F4-8071B72470BD}.Release|Any CPU.Build.0 = Release|Any CPU
		{80D9C6DF-A3CA-4C0C-93F4-8071B72470BD}.Release|Mixed Platforms.ActiveCfg = Release|x86
		{80D9C6DF-A3CA-4C0C-93F4-8071B72470BD}.Release|Mixed Platforms.Build.0 = Release|x86
		{80D9C6DF-A3CA-4C0C-93F4-8071B72470BD}.Release|x86.ActiveCfg = Release|x86
		{80D9C6DF-A3CA-4C0C-93F4-8071B72470BD}.Release|x86.Build.0 = Release|x86
		{5442DADC-ACF1-4668-90E5-F27070B95CFD}.Debug|Any CPU.ActiveCfg = Debug|Any CPU
		{5442DADC-ACF1-4668-90E5-F27070B95CFD}.Debug|Any CPU.Build.0 = Debug|Any CPU
		{5442DADC-ACF1-4668-90E5-F27070B95CFD}.Debug|Mixed Platforms.ActiveCfg = Debug|Any CPU
		{5442DADC-ACF1-4668-90E5-F27070B95CFD}.Debug|Mixed Platforms.Build.0 = Debug|Any CPU
		{5442DADC-ACF1-4668-90E5-F27070B95CFD}.Debug|x86.ActiveCfg = Debug|Any CPU
		{5442DADC-ACF1-4668-90E5-F27070B95CFD}.Debug|x86.Build.0 = Debug|Any CPU
		{5442DADC-ACF1-4668-90E5-F27070B95CFD}.Release|Any CPU.ActiveCfg = Release|Any CPU
		{5442DADC-ACF1-4668-90E5-F27070B95CFD}.Release|Any CPU.Build.0 = Release|Any CPU
		{5442DADC-ACF1-4668-90E5-F27070B95CFD}.Release|Mixed Platforms.ActiveCfg = Release|x86
		{5442DADC-ACF1-4668-90E5-F27070B95CFD}.Release|Mixed Platforms.Build.0 = Release|x86
		{5442DADC-ACF1-4668-90E5-F27070B95CFD}.Release|x86.ActiveCfg = Release|x86
		{5442DADC-ACF1-4668-90E5-F27070B95CFD}.Release|x86.Build.0 = Release|x86
		{A969322C-D601-4B35-94F7-C7EB41A9D8A8}.Debug|Any CPU.ActiveCfg = Debug|Any CPU
		{A969322C-D601-4B35-94F7-C7EB41A9D8A8}.Debug|Any CPU.Build.0 = Debug|Any CPU
		{A969322C-D601-4B35-94F7-C7EB41A9D8A8}.Debug|Mixed Platforms.ActiveCfg = Debug|Any CPU
		{A969322C-D601-4B35-94F7-C7EB41A9D8A8}.Debug|Mixed Platforms.Build.0 = Debug|Any CPU
		{A969322C-D601-4B35-94F7-C7EB41A9D8A8}.Debug|x86.ActiveCfg = Debug|Any CPU
		{A969322C-D601-4B35-94F7-C7EB41A9D8A8}.Debug|x86.Build.0 = Debug|Any CPU
		{A969322C-D601-4B35-94F7-C7EB41A9D8A8}.Release|Any CPU.ActiveCfg = Release|Any CPU
		{A969322C-D601-4B35-94F7-C7EB41A9D8A8}.Release|Any CPU.Build.0 = Release|Any CPU
		{A969322C-D601-4B35-94F7-C7EB41A9D8A8}.Release|Mixed Platforms.ActiveCfg = Release|x86
		{A969322C-D601-4B35-94F7-C7EB41A9D8A8}.Release|Mixed Platforms.Build.0 = Release|x86
		{A969322C-D601-4B35-94F7-C7EB41A9D8A8}.Release|x86.ActiveCfg = Release|x86
		{A969322C-D601-4B35-94F7-C7EB41A9D8A8}.Release|x86.Build.0 = Release|x86
		{A5266B4F-56FA-413B-BC59-0F84AC0D9B64}.Debug|Any CPU.ActiveCfg = Debug|Any CPU
		{A5266B4F-56FA-413B-BC59-0F84AC0D9B64}.Debug|Any CPU.Build.0 = Debug|Any CPU
		{A5266B4F-56FA-413B-BC59-0F84AC0D9B64}.Debug|Mixed Platforms.ActiveCfg = Debug|Any CPU
		{A5266B4F-56FA-413B-BC59-0F84AC0D9B64}.Debug|Mixed Platforms.Build.0 = Debug|Any CPU
		{A5266B4F-56FA-413B-BC59-0F84AC0D9B64}.Debug|x86.ActiveCfg = Debug|Any CPU
		{A5266B4F-56FA-413B-BC59-0F84AC0D9B64}.Release|Any CPU.ActiveCfg = Release|Any CPU
		{A5266B4F-56FA-413B-BC59-0F84AC0D9B64}.Release|Any CPU.Build.0 = Release|Any CPU
		{A5266B4F-56FA-413B-BC59-0F84AC0D9B64}.Release|Mixed Platforms.ActiveCfg = Release|Any CPU
		{A5266B4F-56FA-413B-BC59-0F84AC0D9B64}.Release|Mixed Platforms.Build.0 = Release|Any CPU
		{A5266B4F-56FA-413B-BC59-0F84AC0D9B64}.Release|x86.ActiveCfg = Release|Any CPU
		{B3C0F1A9-DCC0-4E0A-AFDB-D51F0933EAF0}.Debug|Any CPU.ActiveCfg = Debug|Any CPU
		{B3C0F1A9-DCC0-4E0A-AFDB-D51F0933EAF0}.Debug|Any CPU.Build.0 = Debug|Any CPU
		{B3C0F1A9-DCC0-4E0A-AFDB-D51F0933EAF0}.Debug|Mixed Platforms.ActiveCfg = Debug|Any CPU
		{B3C0F1A9-DCC0-4E0A-AFDB-D51F0933EAF0}.Debug|Mixed Platforms.Build.0 = Debug|Any CPU
		{B3C0F1A9-DCC0-4E0A-AFDB-D51F0933EAF0}.Debug|x86.ActiveCfg = Debug|Any CPU
		{B3C0F1A9-DCC0-4E0A-AFDB-D51F0933EAF0}.Release|Any CPU.ActiveCfg = Release|Any CPU
		{B3C0F1A9-DCC0-4E0A-AFDB-D51F0933EAF0}.Release|Any CPU.Build.0 = Release|Any CPU
		{B3C0F1A9-DCC0-4E0A-AFDB-D51F0933EAF0}.Release|Mixed Platforms.ActiveCfg = Release|Any CPU
		{B3C0F1A9-DCC0-4E0A-AFDB-D51F0933EAF0}.Release|Mixed Platforms.Build.0 = Release|Any CPU
		{B3C0F1A9-DCC0-4E0A-AFDB-D51F0933EAF0}.Release|x86.ActiveCfg = Release|Any CPU
		{9FB1AF20-7585-4BB9-A0BB-810E1A0F6F30}.Debug|Any CPU.ActiveCfg = Debug|Any CPU
		{9FB1AF20-7585-4BB9-A0BB-810E1A0F6F30}.Debug|Any CPU.Build.0 = Debug|Any CPU
		{9FB1AF20-7585-4BB9-A0BB-810E1A0F6F30}.Debug|Mixed Platforms.ActiveCfg = Debug|Any CPU
		{9FB1AF20-7585-4BB9-A0BB-810E1A0F6F30}.Debug|Mixed Platforms.Build.0 = Debug|Any CPU
		{9FB1AF20-7585-4BB9-A0BB-810E1A0F6F30}.Debug|x86.ActiveCfg = Debug|Any CPU
		{9FB1AF20-7585-4BB9-A0BB-810E1A0F6F30}.Release|Any CPU.ActiveCfg = Release|Any CPU
		{9FB1AF20-7585-4BB9-A0BB-810E1A0F6F30}.Release|Any CPU.Build.0 = Release|Any CPU
		{9FB1AF20-7585-4BB9-A0BB-810E1A0F6F30}.Release|Mixed Platforms.ActiveCfg = Release|Any CPU
		{9FB1AF20-7585-4BB9-A0BB-810E1A0F6F30}.Release|Mixed Platforms.Build.0 = Release|Any CPU
		{9FB1AF20-7585-4BB9-A0BB-810E1A0F6F30}.Release|x86.ActiveCfg = Release|Any CPU
		{91FAAB28-F38D-4B71-944B-F9F597DCB954}.Debug|Any CPU.ActiveCfg = Debug|Any CPU
		{91FAAB28-F38D-4B71-944B-F9F597DCB954}.Debug|Any CPU.Build.0 = Debug|Any CPU
		{91FAAB28-F38D-4B71-944B-F9F597DCB954}.Debug|Mixed Platforms.ActiveCfg = Debug|Any CPU
		{91FAAB28-F38D-4B71-944B-F9F597DCB954}.Debug|Mixed Platforms.Build.0 = Debug|Any CPU
		{91FAAB28-F38D-4B71-944B-F9F597DCB954}.Debug|x86.ActiveCfg = Debug|Any CPU
		{91FAAB28-F38D-4B71-944B-F9F597DCB954}.Release|Any CPU.ActiveCfg = Release|Any CPU
		{91FAAB28-F38D-4B71-944B-F9F597DCB954}.Release|Any CPU.Build.0 = Release|Any CPU
		{91FAAB28-F38D-4B71-944B-F9F597DCB954}.Release|Mixed Platforms.ActiveCfg = Release|Any CPU
		{91FAAB28-F38D-4B71-944B-F9F597DCB954}.Release|Mixed Platforms.Build.0 = Release|Any CPU
		{91FAAB28-F38D-4B71-944B-F9F597DCB954}.Release|x86.ActiveCfg = Release|Any CPU
		{BF7B294A-541B-4DE7-BE79-1E5C7455B940}.Debug|Any CPU.ActiveCfg = Debug|Any CPU
		{BF7B294A-541B-4DE7-BE79-1E5C7455B940}.Debug|Any CPU.Build.0 = Debug|Any CPU
		{BF7B294A-541B-4DE7-BE79-1E5C7455B940}.Debug|Mixed Platforms.ActiveCfg = Debug|Any CPU
		{BF7B294A-541B-4DE7-BE79-1E5C7455B940}.Debug|Mixed Platforms.Build.0 = Debug|Any CPU
		{BF7B294A-541B-4DE7-BE79-1E5C7455B940}.Debug|x86.ActiveCfg = Debug|Any CPU
		{BF7B294A-541B-4DE7-BE79-1E5C7455B940}.Release|Any CPU.ActiveCfg = Release|Any CPU
		{BF7B294A-541B-4DE7-BE79-1E5C7455B940}.Release|Any CPU.Build.0 = Release|Any CPU
		{BF7B294A-541B-4DE7-BE79-1E5C7455B940}.Release|Mixed Platforms.ActiveCfg = Release|Any CPU
		{BF7B294A-541B-4DE7-BE79-1E5C7455B940}.Release|Mixed Platforms.Build.0 = Release|Any CPU
		{BF7B294A-541B-4DE7-BE79-1E5C7455B940}.Release|x86.ActiveCfg = Release|Any CPU
	EndGlobalSection
	GlobalSection(SolutionProperties) = preSolution
		HideSolutionNode = FALSE
	EndGlobalSection
EndGlobal
